
Microsoft Visual Studio Solution File, Format Version 12.00
# Visual Studio Version 16
VisualStudioVersion = 16.0.29102.190
MinimumVisualStudioVersion = 10.0.40219.1
Project("{FAE04EC0-301F-11D3-BF4B-00C04F79EFBC}") = "Sample", "Sample.csproj", "{3C8878B0-A024-4EE6-A948-51398FE153E2}"
EndProject
Global
	GlobalSection(SolutionConfigurationPlatforms) = preSolution
		Debug|Any CPU = Debug|Any CPU
		Release|Any CPU = Release|Any CPU
	EndGlobalSection
	GlobalSection(ProjectConfigurationPlatforms) = postSolution
		{3C8878B0-A024-4EE6-A948-51398FE153E2}.Debug|Any CPU.ActiveCfg = Debug|Any CPU
		{3C8878B0-A024-4EE6-A948-51398FE153E2}.Debug|Any CPU.Build.0 = Debug|Any CPU
		{3C8878B0-A024-4EE6-A948-51398FE153E2}.Release|Any CPU.ActiveCfg = Release|Any CPU
		{3C8878B0-A024-4EE6-A948-51398FE153E2}.Release|Any CPU.Build.0 = Release|Any CPU
	EndGlobalSection
	GlobalSection(SolutionProperties) = preSolution
		HideSolutionNode = FALSE
	EndGlobalSection
	GlobalSection(ExtensibilityGlobals) = postSolution
		SolutionGuid = {01B243BF-4B6C-4F3B-91F4-CAEBC8A0C2B3}
	EndGlobalSection
EndGlobal
